
Microsoft Visual Studio Solution File, Format Version 12.00
# Visual Studio 2017
Project("{FAE04EC0-301F-11D3-BF4B-00C04F79EFBC}") = "Dice Tosser", "Dice Tosser.csproj", "{DE659A28-1CF3-56A4-1866-D3595DB55769}"
EndProject
Global
	GlobalSection(SolutionConfigurationPlatforms) = preSolution
		Debug|Any CPU = Debug|Any CPU
		Release|Any CPU = Release|Any CPU
	EndGlobalSection
	GlobalSection(ProjectConfigurationPlatforms) = postSolution
		{DE659A28-1CF3-56A4-1866-D3595DB55769}.Debug|Any CPU.ActiveCfg = Debug|Any CPU
		{DE659A28-1CF3-56A4-1866-D3595DB55769}.Debug|Any CPU.Build.0 = Debug|Any CPU
		{DE659A28-1CF3-56A4-1866-D3595DB55769}.Release|Any CPU.ActiveCfg = Release|Any CPU
		{DE659A28-1CF3-56A4-1866-D3595DB55769}.Release|Any CPU.Build.0 = Release|Any CPU
	EndGlobalSection
	GlobalSection(SolutionProperties) = preSolution
		HideSolutionNode = FALSE
	EndGlobalSection
EndGlobal
